
Microsoft Visual Studio Solution File, Format Version 12.00
# Visual Studio 14
VisualStudioVersion = 14.0.24720.0
MinimumVisualStudioVersion = 10.0.40219.1
Project("{FAE04EC0-301F-11D3-BF4B-00C04F79EFBC}") = "Cafe", "Cafe\Cafe.csproj", "{5047703A-5F94-411A-BDF4-1B1DD9D5DCB5}"
EndProject
Project("{FAE04EC0-301F-11D3-BF4B-00C04F79EFBC}") = "Cafe.Tests", "Cafe.Tests\Cafe.Tests.csproj", "{BF03F568-BBB3-4EAE-815F-BFE514A23A41}"
EndProject
Global
	GlobalSection(SolutionConfigurationPlatforms) = preSolution
		Debug|Any CPU = Debug|Any CPU
		Release|Any CPU = Release|Any CPU
	EndGlobalSection
	GlobalSection(ProjectConfigurationPlatforms) = postSolution
		{5047703A-5F94-411A-BDF4-1B1DD9D5DCB5}.Debug|Any CPU.ActiveCfg = Debug|Any CPU
		{5047703A-5F94-411A-BDF4-1B1DD9D5DCB5}.Debug|Any CPU.Build.0 = Debug|Any CPU
		{5047703A-5F94-411A-BDF4-1B1DD9D5DCB5}.Release|Any CPU.ActiveCfg = Release|Any CPU
		{5047703A-5F94-411A-BDF4-1B1DD9D5DCB5}.Release|Any CPU.Build.0 = Release|Any CPU
		{BF03F568-BBB3-4EAE-815F-BFE514A23A41}.Debug|Any CPU.ActiveCfg = Debug|Any CPU
		{BF03F568-BBB3-4EAE-815F-BFE514A23A41}.Debug|Any CPU.Build.0 = Debug|Any CPU
		{BF03F568-BBB3-4EAE-815F-BFE514A23A41}.Release|Any CPU.ActiveCfg = Release|Any CPU
		{BF03F568-BBB3-4EAE-815F-BFE514A23A41}.Release|Any CPU.Build.0 = Release|Any CPU
	EndGlobalSection
	GlobalSection(SolutionProperties) = preSolution
		HideSolutionNode = FALSE
	EndGlobalSection
EndGlobal
